
Microsoft Visual Studio Solution File, Format Version 12.00
# Visual Studio 14
VisualStudioVersion = 14.0.24720.0
MinimumVisualStudioVersion = 10.0.40219.1
Project("{FAE04EC0-301F-11D3-BF4B-00C04F79EFBC}") = "MusicMaker", "MusicMaker\MusicMaker.csproj", "{1F693986-AD58-44FB-A2DF-9D51273E2623}"
EndProject
Project("{FAE04EC0-301F-11D3-BF4B-00C04F79EFBC}") = "MusicGenerator", "MusicGenerator\MusicGenerator.csproj", "{1B11AC45-97BC-4517-B716-51F6A608FC0E}"
EndProject
Project("{FAE04EC0-301F-11D3-BF4B-00C04F79EFBC}") = "MidiWriter", "MidiWriter\MidiWriter.csproj", "{69831FFB-9427-4F7B-90D9-CFEBD7C913A7}"
EndProject
Global
	GlobalSection(SolutionConfigurationPlatforms) = preSolution
		Debug|Any CPU = Debug|Any CPU
		Release|Any CPU = Release|Any CPU
	EndGlobalSection
	GlobalSection(ProjectConfigurationPlatforms) = postSolution
		{1F693986-AD58-44FB-A2DF-9D51273E2623}.Debug|Any CPU.ActiveCfg = Debug|Any CPU
		{1F693986-AD58-44FB-A2DF-9D51273E2623}.Debug|Any CPU.Build.0 = Debug|Any CPU
		{1F693986-AD58-44FB-A2DF-9D51273E2623}.Release|Any CPU.ActiveCfg = Release|Any CPU
		{1F693986-AD58-44FB-A2DF-9D51273E2623}.Release|Any CPU.Build.0 = Release|Any CPU
		{1B11AC45-97BC-4517-B716-51F6A608FC0E}.Debug|Any CPU.ActiveCfg = Debug|Any CPU
		{1B11AC45-97BC-4517-B716-51F6A608FC0E}.Debug|Any CPU.Build.0 = Debug|Any CPU
		{1B11AC45-97BC-4517-B716-51F6A608FC0E}.Release|Any CPU.ActiveCfg = Release|Any CPU
		{1B11AC45-97BC-4517-B716-51F6A608FC0E}.Release|Any CPU.Build.0 = Release|Any CPU
		{69831FFB-9427-4F7B-90D9-CFEBD7C913A7}.Debug|Any CPU.ActiveCfg = Debug|Any CPU
		{69831FFB-9427-4F7B-90D9-CFEBD7C913A7}.Debug|Any CPU.Build.0 = Debug|Any CPU
		{69831FFB-9427-4F7B-90D9-CFEBD7C913A7}.Release|Any CPU.ActiveCfg = Release|Any CPU
		{69831FFB-9427-4F7B-90D9-CFEBD7C913A7}.Release|Any CPU.Build.0 = Release|Any CPU
	EndGlobalSection
	GlobalSection(SolutionProperties) = preSolution
		HideSolutionNode = FALSE
	EndGlobalSection
EndGlobal
